
Microsoft Visual Studio Solution File, Format Version 12.00
# Visual Studio Version 16
VisualStudioVersion = 16.0.29926.136
MinimumVisualStudioVersion = 10.0.40219.1
Project("{F184B08F-C81C-45F6-A57F-5ABD9991F28F}") = "cv_web", "cv_web.vbproj", "{5750D880-76A5-441C-90A5-DECAA0B7692B}"
EndProject
Global
	GlobalSection(SolutionConfigurationPlatforms) = preSolution
		Debug|Any CPU = Debug|Any CPU
		Release|Any CPU = Release|Any CPU
	EndGlobalSection
	GlobalSection(ProjectConfigurationPlatforms) = postSolution
		{5750D880-76A5-441C-90A5-DECAA0B7692B}.Debug|Any CPU.ActiveCfg = Debug|Any CPU
		{5750D880-76A5-441C-90A5-DECAA0B7692B}.Debug|Any CPU.Build.0 = Debug|Any CPU
		{5750D880-76A5-441C-90A5-DECAA0B7692B}.Release|Any CPU.ActiveCfg = Release|Any CPU
		{5750D880-76A5-441C-90A5-DECAA0B7692B}.Release|Any CPU.Build.0 = Release|Any CPU
	EndGlobalSection
	GlobalSection(SolutionProperties) = preSolution
		HideSolutionNode = FALSE
	EndGlobalSection
	GlobalSection(ExtensibilityGlobals) = postSolution
		SolutionGuid = {3D58C7A6-E0CC-4E5A-AF9F-786DDCE89BBB}
	EndGlobalSection
EndGlobal
